<?xml version="1.0" encoding="utf-8"?>
<Project ToolsVersion="4.0" xmlns="http://schemas.microsoft.com/developer/msbuild/2003">
  <ItemGroup>
    <Filter Include="Source Files">
      <UniqueIdentifier>{4FC737F1-C7A5-4376-A066-2A32D752A2FF}</UniqueIdentifier>
      <Extensions>cpp;c;cc;cxx;def;odl;idl;hpj;bat;asm;asmx</Extensions>
    </Filter>
    <Filter Include="Header Files">
      <UniqueIdentifier>{93995380-89BD-4b04-88EB-625FBE52EBFB}</UniqueIdentifier>
      <Extensions>h;hpp;hxx;hm;inl;inc;xsd</Extensions>
    </Filter>
    <Filter Include="Source Files\Library">
      <UniqueIdentifier>{c956d04e-121c-4366-b4fd-573d4ac16dcd}</UniqueIdentifier>
    </Filter>
    <Filter Include="Source Files\DebugSymbol">
      <UniqueIdentifier>{61a63ac9-dfbd-4b86-adf4-f8d904852b32}</UniqueIdentifier>
    </Filter>
    <Filter Include="Source Files\CallStack">
      <UniqueIdentifier>{0b9b8676-bd67-4236-be9a-895a51373a40}</UniqueIdentifier>
    </Filter>
    <Filter Include="Library Files">
      <UniqueIdentifier>{7df84ab2-12d1-4158-b043-78abd7e78a74}</UniqueIdentifier>
    </Filter>
    <Filter Include="Header Files\OS">
      <UniqueIdentifier>{3b92f317-ae3a-4894-a8a3-53e83a07982e}</UniqueIdentifier>
    </Filter>
    <Filter Include="SDK Files">
      <UniqueIdentifier>{3d56199b-e039-4f4d-b644-f0105148d3c9}</UniqueIdentifier>
    </Filter>
    <Filter Include="SDK Files\uchar">
      <UniqueIdentifier>{45c0f8c9-1ac5-4e0f-af89-90f253d5d768}</UniqueIdentifier>
    </Filter>
    <Filter Include="Header Files\OS\windows">
      <UniqueIdentifier>{afe74f1c-9cdb-4c72-b353-640d92d145a2}</UniqueIdentifier>
    </Filter>
    <Filter Include="SDK Files\zlib">
      <UniqueIdentifier>{24fcedde-3de5-4b56-8282-5e03343eb870}</UniqueIdentifier>
    </Filter>
    <Filter Include="SDK Files\dbgheap">
      <UniqueIdentifier>{547d2064-02f2-4139-b6f8-22aa82603fb8}</UniqueIdentifier>
    </Filter>
    <Filter Include="Header Files\Platform">
      <UniqueIdentifier>{40d4f633-99b4-4185-92ea-8aa926c127da}</UniqueIdentifier>
    </Filter>
    <Filter Include="Header Files\Template">
      <UniqueIdentifier>{aa3d1c4b-426a-4061-b321-9c8c4f7b69cd}</UniqueIdentifier>
    </Filter>
    <Filter Include="Source Files\OS">
      <UniqueIdentifier>{ea970a82-4eda-4a2d-8158-52ef5ee158b5}</UniqueIdentifier>
    </Filter>
    <Filter Include="Source Files\OS\any">
      <UniqueIdentifier>{b89acf31-44b7-4700-b929-a72c667d70ee}</UniqueIdentifier>
    </Filter>
  </ItemGroup>
  <ItemGroup>
    <ClCompile Include="..\..\..\Source\Platform\Box.cpp">
      <Filter>Source Files</Filter>
    </ClCompile>
    <ClCompile Include="..\..\..\Source\Platform\Camera.cpp">
      <Filter>Source Files</Filter>
    </ClCompile>
    <ClCompile Include="..\..\..\Source\Platform\Color.cpp">
      <Filter>Source Files</Filter>
    </ClCompile>
    <ClCompile Include="..\..\..\Source\Platform\CRC.cpp">
      <Filter>Source Files</Filter>
    </ClCompile>
    <ClCompile Include="..\..\..\Source\Platform\DirectoryRecorder.cpp">
      <Filter>Source Files</Filter>
    </ClCompile>
    <ClCompile Include="..\..\..\Source\Platform\EulerAngles.cpp">
      <Filter>Source Files</Filter>
    </ClCompile>
    <ClCompile Include="..\..\..\Source\Platform\File.cpp">
      <Filter>Source Files</Filter>
    </ClCompile>
    <ClCompile Include="..\..\..\Source\Platform\FileFinder.cpp">
      <Filter>Source Files</Filter>
    </ClCompile>
    <ClCompile Include="..\..\..\Source\Platform\FileMapping.cpp">
      <Filter>Source Files</Filter>
    </ClCompile>
    <ClCompile Include="..\..\..\Source\Platform\FileSystem.cpp">
      <Filter>Source Files</Filter>
    </ClCompile>
    <ClCompile Include="..\..\..\Source\Platform\Frustum.cpp">
      <Filter>Source Files</Filter>
    </ClCompile>
    <ClCompile Include="..\..\..\Source\Platform\Intersection.cpp">
      <Filter>Source Files</Filter>
    </ClCompile>
    <ClCompile Include="..\..\..\Source\Platform\KernelObject.cpp">
      <Filter>Source Files</Filter>
    </ClCompile>
    <ClCompile Include="..\..\..\Source\Platform\Library.cpp">
      <Filter>Source Files</Filter>
    </ClCompile>
    <ClCompile Include="..\..\..\Source\Platform\Lock.cpp">
      <Filter>Source Files</Filter>
    </ClCompile>
    <ClCompile Include="..\..\..\Source\Platform\Matrix2.cpp">
      <Filter>Source Files</Filter>
    </ClCompile>
    <ClCompile Include="..\..\..\Source\Platform\Matrix3.cpp">
      <Filter>Source Files</Filter>
    </ClCompile>
    <ClCompile Include="..\..\..\Source\Platform\Matrix3x4.cpp">
      <Filter>Source Files</Filter>
    </ClCompile>
    <ClCompile Include="..\..\..\Source\Platform\Matrix4.cpp">
      <Filter>Source Files</Filter>
    </ClCompile>
    <ClCompile Include="..\..\..\Source\Platform\MD5.cpp">
      <Filter>Source Files</Filter>
    </ClCompile>
    <ClCompile Include="..\..\..\Source\Platform\Memory.cpp">
      <Filter>Source Files</Filter>
    </ClCompile>
    <ClCompile Include="..\..\..\Source\Platform\PersistenceThread.cpp">
      <Filter>Source Files</Filter>
    </ClCompile>
    <ClCompile Include="..\..\..\Source\Platform\Pipe.cpp">
      <Filter>Source Files</Filter>
    </ClCompile>
    <ClCompile Include="..\..\..\Source\Platform\Plane.cpp">
      <Filter>Source Files</Filter>
    </ClCompile>
    <ClCompile Include="..\..\..\Source\Platform\Quaternion.cpp">
      <Filter>Source Files</Filter>
    </ClCompile>
    <ClCompile Include="..\..\..\Source\Platform\Ray.cpp">
      <Filter>Source Files</Filter>
    </ClCompile>
    <ClCompile Include="..\..\..\Source\Platform\Sphere.cpp">
      <Filter>Source Files</Filter>
    </ClCompile>
    <ClCompile Include="..\..\..\Source\Platform\StringFormatter.cpp">
      <Filter>Source Files</Filter>
    </ClCompile>
    <ClCompile Include="..\..\..\Source\Platform\SyncObject.cpp">
      <Filter>Source Files</Filter>
    </ClCompile>
    <ClCompile Include="..\..\..\Source\Platform\Thread.cpp">
      <Filter>Source Files</Filter>
    </ClCompile>
    <ClCompile Include="..\..\..\Source\Platform\Time.cpp">
      <Filter>Source Files</Filter>
    </ClCompile>
    <ClCompile Include="..\..\..\Source\Platform\Triangle.cpp">
      <Filter>Source Files</Filter>
    </ClCompile>
    <ClCompile Include="..\..\..\Source\Platform\UID.cpp">
      <Filter>Source Files</Filter>
    </ClCompile>
    <ClCompile Include="..\..\..\Source\Platform\Variable.cpp">
      <Filter>Source Files</Filter>
    </ClCompile>
    <ClCompile Include="..\..\..\Source\Platform\Vector2.cpp">
      <Filter>Source Files</Filter>
    </ClCompile>
    <ClCompile Include="..\..\..\Source\Platform\Vector3.cpp">
      <Filter>Source Files</Filter>
    </ClCompile>
    <ClCompile Include="..\..\..\Source\Platform\Vector4.cpp">
      <Filter>Source Files</Filter>
    </ClCompile>
    <ClCompile Include="..\..\..\Source\Platform\Version.cpp">
      <Filter>Source Files</Filter>
    </ClCompile>
    <ClCompile Include="..\..\..\Source\Platform\Viewport.cpp">
      <Filter>Source Files</Filter>
    </ClCompile>
    <ClCompile Include="..\..\..\Source\EGEPlatform.cpp">
      <Filter>Library Files</Filter>
    </ClCompile>
    <ClCompile Include="..\..\..\Source\Platform\Timer.cpp">
      <Filter>Source Files</Filter>
    </ClCompile>
    <ClCompile Include="..\..\..\Source\Platform\Library\winLibrary.cpp">
      <Filter>Source Files\Library</Filter>
    </ClCompile>
    <ClCompile Include="..\..\..\Source\Platform\DebugSymbol\winDebugSymbol.cpp">
      <Filter>Source Files\DebugSymbol</Filter>
    </ClCompile>
    <ClCompile Include="..\..\..\Source\Platform\CallStack\winCallStack.cpp">
      <Filter>Source Files\CallStack</Filter>
    </ClCompile>
    <ClCompile Include="..\..\..\Source\Platform\Path.cpp">
      <Filter>Source Files</Filter>
    </ClCompile>
    <ClCompile Include="..\..\..\Source\Platform\Random.cpp">
      <Filter>Source Files</Filter>
    </ClCompile>
    <ClCompile Include="..\..\..\Source\Platform\FlagsObject.cpp">
      <Filter>Source Files</Filter>
    </ClCompile>
    <ClCompile Include="..\..\..\Source\Platform\Camera2D.cpp">
      <Filter>Source Files</Filter>
    </ClCompile>
    <ClCompile Include="..\..\..\Source\Platform\FPSTimer.cpp">
      <Filter>Source Files</Filter>
    </ClCompile>
    <ClCompile Include="..\..\..\Source\Platform\Transform3D.cpp">
      <Filter>Source Files</Filter>
    </ClCompile>
    <ClCompile Include="..\..\..\Source\Platform\Transform2D.cpp">
      <Filter>Source Files</Filter>
    </ClCompile>
    <ClCompile Include="..\..\..\Source\Platform\Serializer.cpp">
      <Filter>Source Files</Filter>
    </ClCompile>
    <ClCompile Include="..\..\..\Source\External\zlib\adler32.c">
      <Filter>SDK Files\zlib</Filter>
    </ClCompile>
    <ClCompile Include="..\..\..\Source\External\zlib\compress.c">
      <Filter>SDK Files\zlib</Filter>
    </ClCompile>
    <ClCompile Include="..\..\..\Source\External\zlib\crc32.c">
      <Filter>SDK Files\zlib</Filter>
    </ClCompile>
    <ClCompile Include="..\..\..\Source\External\zlib\deflate.c">
      <Filter>SDK Files\zlib</Filter>
    </ClCompile>
    <ClCompile Include="..\..\..\Source\External\zlib\gzclose.c">
      <Filter>SDK Files\zlib</Filter>
    </ClCompile>
    <ClCompile Include="..\..\..\Source\External\zlib\gzlib.c">
      <Filter>SDK Files\zlib</Filter>
    </ClCompile>
    <ClCompile Include="..\..\..\Source\External\zlib\gzread.c">
      <Filter>SDK Files\zlib</Filter>
    </ClCompile>
    <ClCompile Include="..\..\..\Source\External\zlib\gzwrite.c">
      <Filter>SDK Files\zlib</Filter>
    </ClCompile>
    <ClCompile Include="..\..\..\Source\External\zlib\infback.c">
      <Filter>SDK Files\zlib</Filter>
    </ClCompile>
    <ClCompile Include="..\..\..\Source\External\zlib\inffast.c">
      <Filter>SDK Files\zlib</Filter>
    </ClCompile>
    <ClCompile Include="..\..\..\Source\External\zlib\inflate.c">
      <Filter>SDK Files\zlib</Filter>
    </ClCompile>
    <ClCompile Include="..\..\..\Source\External\zlib\inftrees.c">
      <Filter>SDK Files\zlib</Filter>
    </ClCompile>
    <ClCompile Include="..\..\..\Source\External\zlib\trees.c">
      <Filter>SDK Files\zlib</Filter>
    </ClCompile>
    <ClCompile Include="..\..\..\Source\External\zlib\uncompr.c">
      <Filter>SDK Files\zlib</Filter>
    </ClCompile>
    <ClCompile Include="..\..\..\Source\External\zlib\zutil.c">
      <Filter>SDK Files\zlib</Filter>
    </ClCompile>
    <ClCompile Include="..\..\..\Source\Platform\Triangle2D.cpp">
      <Filter>Source Files</Filter>
    </ClCompile>
    <ClCompile Include="..\..\..\Source\Platform\Ratio.cpp">
      <Filter>Source Files</Filter>
    </ClCompile>
    <ClCompile Include="..\..\..\Source\Platform\Precision.cpp">
      <Filter>Source Files</Filter>
    </ClCompile>
    <ClCompile Include="..\..\..\Source\External\uchar\uchar.cpp">
      <Filter>SDK Files\uchar</Filter>
    </ClCompile>
    <ClCompile Include="..\..\..\Source\Platform\ValueEncoder.cpp">
      <Filter>Source Files</Filter>
    </ClCompile>
    <ClCompile Include="..\..\..\Source\External\crt\dbgheap\dbgheap.c">
      <Filter>SDK Files\dbgheap</Filter>
    </ClCompile>
    <ClCompile Include="..\..\..\Source\Platform\TempDir.cpp">
      <Filter>Source Files</Filter>
    </ClCompile>
    <ClCompile Include="..\..\..\Source\Platform\Bounds.cpp">
      <Filter>Source Files</Filter>
    </ClCompile>
    <ClCompile Include="..\..\..\Source\Platform\CallStackFrame.cpp">
      <Filter>Source Files</Filter>
    </ClCompile>
    <ClCompile Include="..\..\..\Source\Platform\Mathics.cpp">
      <Filter>Source Files</Filter>
    </ClCompile>
    <ClCompile Include="..\..\..\Source\Platform\ColliderBox2D.cpp">
      <Filter>Source Files</Filter>
    </ClCompile>
    <ClCompile Include="..\..\..\Source\Platform\OS\anyPlatform.cpp">
      <Filter>Source Files\OS\any</Filter>
    </ClCompile>
    <ClCompile Include="..\..\..\Source\Platform\OS\anyPlatformConverter.cpp">
      <Filter>Source Files\OS\any</Filter>
    </ClCompile>
    <ClCompile Include="..\..\..\Source\Platform\OS\anyPlatformCPU.cpp">
      <Filter>Source Files\OS\any</Filter>
    </ClCompile>
    <ClCompile Include="..\..\..\Source\Platform\OS\anyPlatformDebugging.cpp">
      <Filter>Source Files\OS\any</Filter>
    </ClCompile>
    <ClCompile Include="..\..\..\Source\Platform\OS\anyPlatformEndian.cpp">
      <Filter>Source Files\OS\any</Filter>
    </ClCompile>
    <ClCompile Include="..\..\..\Source\Platform\OS\anyPlatformLanguage.cpp">
      <Filter>Source Files\OS\any</Filter>
    </ClCompile>
    <ClCompile Include="..\..\..\Source\Platform\OS\anyPlatformMemory.cpp">
      <Filter>Source Files\OS\any</Filter>
    </ClCompile>
    <ClCompile Include="..\..\..\Source\Platform\OS\anyPlatformNetwork.cpp">
      <Filter>Source Files\OS\any</Filter>
    </ClCompile>
    <ClCompile Include="..\..\..\Source\Platform\OS\anyPlatformProcess.cpp">
      <Filter>Source Files\OS\any</Filter>
    </ClCompile>
    <ClCompile Include="..\..\..\Source\Platform\OS\anyPlatformString.cpp">
      <Filter>Source Files\OS\any</Filter>
    </ClCompile>
    <ClCompile Include="..\..\..\Source\Platform\OS\anyPlatformTime.cpp">
      <Filter>Source Files\OS\any</Filter>
    </ClCompile>
    <ClCompile Include="..\..\..\Source\Platform\OS\win\winPlatform.cpp">
      <Filter>Source Files\OS</Filter>
    </ClCompile>
    <ClCompile Include="..\..\..\Source\Platform\OS\win\winPlatformConsole.cpp">
      <Filter>Source Files\OS</Filter>
    </ClCompile>
    <ClCompile Include="..\..\..\Source\Platform\OS\win\winPlatformConverter.cpp">
      <Filter>Source Files\OS</Filter>
    </ClCompile>
    <ClCompile Include="..\..\..\Source\Platform\OS\win\winPlatformCPU.cpp">
      <Filter>Source Files\OS</Filter>
    </ClCompile>
    <ClCompile Include="..\..\..\Source\Platform\OS\win\winPlatformDebugging.cpp">
      <Filter>Source Files\OS</Filter>
    </ClCompile>
    <ClCompile Include="..\..\..\Source\Platform\OS\win\winPlatformDevice.cpp">
      <Filter>Source Files\OS</Filter>
    </ClCompile>
    <ClCompile Include="..\..\..\Source\Platform\OS\win\winPlatformEndian.cpp">
      <Filter>Source Files\OS</Filter>
    </ClCompile>
    <ClCompile Include="..\..\..\Source\Platform\OS\win\winPlatformEnvironment.cpp">
      <Filter>Source Files\OS</Filter>
    </ClCompile>
    <ClCompile Include="..\..\..\Source\Platform\OS\win\winPlatformGPU.cpp">
      <Filter>Source Files\OS</Filter>
    </ClCompile>
    <ClCompile Include="..\..\..\Source\Platform\OS\win\winPlatformIO.cpp">
      <Filter>Source Files\OS</Filter>
    </ClCompile>
    <ClCompile Include="..\..\..\Source\Platform\OS\win\winPlatformKernel.cpp">
      <Filter>Source Files\OS</Filter>
    </ClCompile>
    <ClCompile Include="..\..\..\Source\Platform\OS\win\winPlatformLanguage.cpp">
      <Filter>Source Files\OS</Filter>
    </ClCompile>
    <ClCompile Include="..\..\..\Source\Platform\OS\win\winPlatformMemory.cpp">
      <Filter>Source Files\OS</Filter>
    </ClCompile>
    <ClCompile Include="..\..\..\Source\Platform\OS\win\winPlatformNetwork.cpp">
      <Filter>Source Files\OS</Filter>
    </ClCompile>
    <ClCompile Include="..\..\..\Source\Platform\OS\win\winPlatformProcess.cpp">
      <Filter>Source Files\OS</Filter>
    </ClCompile>
    <ClCompile Include="..\..\..\Source\Platform\OS\win\winPlatformResource.cpp">
      <Filter>Source Files\OS</Filter>
    </ClCompile>
    <ClCompile Include="..\..\..\Source\Platform\OS\win\winPlatformString.cpp">
      <Filter>Source Files\OS</Filter>
    </ClCompile>
    <ClCompile Include="..\..\..\Source\Platform\OS\win\winPlatformTime.cpp">
      <Filter>Source Files\OS</Filter>
    </ClCompile>
    <ClCompile Include="..\..\..\Source\Platform\OS\win\winPlatformVersion.cpp">
      <Filter>Source Files\OS</Filter>
    </ClCompile>
  </ItemGroup>
  <ItemGroup>
    <ClInclude Include="..\..\..\Source\EGEPlatform.h">
      <Filter>Library Files</Filter>
    </ClInclude>
    <ClInclude Include="..\..\..\Source\External\uchar\inttypes.h">
      <Filter>SDK Files\uchar</Filter>
    </ClInclude>
    <ClInclude Include="..\..\..\Source\External\uchar\uchar.h">
      <Filter>SDK Files\uchar</Filter>
    </ClInclude>
    <ClInclude Include="..\..\..\Include\Platform\OS\windows\Win32Headers.h">
      <Filter>Header Files\OS\windows</Filter>
    </ClInclude>
    <ClInclude Include="..\..\..\Include\Platform\OS\NetworkOSHeader.h">
      <Filter>Header Files\OS</Filter>
    </ClInclude>
    <ClInclude Include="..\..\..\Source\External\zlib\zutil.h">
      <Filter>SDK Files\zlib</Filter>
    </ClInclude>
    <ClInclude Include="..\..\..\Source\External\zlib\crc32.h">
      <Filter>SDK Files\zlib</Filter>
    </ClInclude>
    <ClInclude Include="..\..\..\Source\External\zlib\deflate.h">
      <Filter>SDK Files\zlib</Filter>
    </ClInclude>
    <ClInclude Include="..\..\..\Source\External\zlib\gzguts.h">
      <Filter>SDK Files\zlib</Filter>
    </ClInclude>
    <ClInclude Include="..\..\..\Source\External\zlib\inffast.h">
      <Filter>SDK Files\zlib</Filter>
    </ClInclude>
    <ClInclude Include="..\..\..\Source\External\zlib\inffixed.h">
      <Filter>SDK Files\zlib</Filter>
    </ClInclude>
    <ClInclude Include="..\..\..\Source\External\zlib\inflate.h">
      <Filter>SDK Files\zlib</Filter>
    </ClInclude>
    <ClInclude Include="..\..\..\Source\External\zlib\inftrees.h">
      <Filter>SDK Files\zlib</Filter>
    </ClInclude>
    <ClInclude Include="..\..\..\Source\External\zlib\trees.h">
      <Filter>SDK Files\zlib</Filter>
    </ClInclude>
    <ClInclude Include="..\..\..\Source\External\zlib\zconf.h">
      <Filter>SDK Files\zlib</Filter>
    </ClInclude>
    <ClInclude Include="..\..\..\Source\External\zlib\zlib.h">
      <Filter>SDK Files\zlib</Filter>
    </ClInclude>
    <ClInclude Include="..\..\..\Source\External\crt\dbgheap\dbgint.h">
      <Filter>SDK Files\dbgheap</Filter>
    </ClInclude>
    <ClInclude Include="..\..\..\Include\Platform\Box.h">
      <Filter>Header Files\Platform</Filter>
    </ClInclude>
    <ClInclude Include="..\..\..\Include\Platform\Camera.h">
      <Filter>Header Files\Platform</Filter>
    </ClInclude>
    <ClInclude Include="..\..\..\Include\Platform\Camera2D.h">
      <Filter>Header Files\Platform</Filter>
    </ClInclude>
    <ClInclude Include="..\..\..\Include\Platform\Color.h">
      <Filter>Header Files\Platform</Filter>
    </ClInclude>
    <ClInclude Include="..\..\..\Include\Platform\CRC.h">
      <Filter>Header Files\Platform</Filter>
    </ClInclude>
    <ClInclude Include="..\..\..\Include\Platform\DebugSymbol.h">
      <Filter>Header Files\Platform</Filter>
    </ClInclude>
    <ClInclude Include="..\..\..\Include\Platform\DirectoryRecorder.h">
      <Filter>Header Files\Platform</Filter>
    </ClInclude>
    <ClInclude Include="..\..\..\Include\Platform\EulerAngles.h">
      <Filter>Header Files\Platform</Filter>
    </ClInclude>
    <ClInclude Include="..\..\..\Include\Platform\File.h">
      <Filter>Header Files\Platform</Filter>
    </ClInclude>
    <ClInclude Include="..\..\..\Include\Platform\FileFinder.h">
      <Filter>Header Files\Platform</Filter>
    </ClInclude>
    <ClInclude Include="..\..\..\Include\Platform\FileMapping.h">
      <Filter>Header Files\Platform</Filter>
    </ClInclude>
    <ClInclude Include="..\..\..\Include\Platform\FileSystem.h">
      <Filter>Header Files\Platform</Filter>
    </ClInclude>
    <ClInclude Include="..\..\..\Include\Platform\FlagsObject.h">
      <Filter>Header Files\Platform</Filter>
    </ClInclude>
    <ClInclude Include="..\..\..\Include\Platform\FPSTimer.h">
      <Filter>Header Files\Platform</Filter>
    </ClInclude>
    <ClInclude Include="..\..\..\Include\Platform\Frustum.h">
      <Filter>Header Files\Platform</Filter>
    </ClInclude>
    <ClInclude Include="..\..\..\Include\Platform\Interpolation.h">
      <Filter>Header Files\Platform</Filter>
    </ClInclude>
    <ClInclude Include="..\..\..\Include\Platform\Intersection.h">
      <Filter>Header Files\Platform</Filter>
    </ClInclude>
    <ClInclude Include="..\..\..\Include\Platform\KernelObject.h">
      <Filter>Header Files\Platform</Filter>
    </ClInclude>
    <ClInclude Include="..\..\..\Include\Platform\KeyCodes.h">
      <Filter>Header Files\Platform</Filter>
    </ClInclude>
    <ClInclude Include="..\..\..\Include\Platform\Library.h">
      <Filter>Header Files\Platform</Filter>
    </ClInclude>
    <ClInclude Include="..\..\..\Include\Platform\Lock.h">
      <Filter>Header Files\Platform</Filter>
    </ClInclude>
    <ClInclude Include="..\..\..\Include\Platform\Matrix2.h">
      <Filter>Header Files\Platform</Filter>
    </ClInclude>
    <ClInclude Include="..\..\..\Include\Platform\Matrix3.h">
      <Filter>Header Files\Platform</Filter>
    </ClInclude>
    <ClInclude Include="..\..\..\Include\Platform\Matrix3x4.h">
      <Filter>Header Files\Platform</Filter>
    </ClInclude>
    <ClInclude Include="..\..\..\Include\Platform\Matrix4.h">
      <Filter>Header Files\Platform</Filter>
    </ClInclude>
    <ClInclude Include="..\..\..\Include\Platform\Matrix4Adjustor.h">
      <Filter>Header Files\Platform</Filter>
    </ClInclude>
    <ClInclude Include="..\..\..\Include\Platform\MD5.h">
      <Filter>Header Files\Platform</Filter>
    </ClInclude>
    <ClInclude Include="..\..\..\Include\Platform\Memory.h">
      <Filter>Header Files\Platform</Filter>
    </ClInclude>
    <ClInclude Include="..\..\..\Include\Platform\Path.h">
      <Filter>Header Files\Platform</Filter>
    </ClInclude>
    <ClInclude Include="..\..\..\Include\Platform\PersistenceThread.h">
      <Filter>Header Files\Platform</Filter>
    </ClInclude>
    <ClInclude Include="..\..\..\Include\Platform\Pipe.h">
      <Filter>Header Files\Platform</Filter>
    </ClInclude>
    <ClInclude Include="..\..\..\Include\Platform\Plane.h">
      <Filter>Header Files\Platform</Filter>
    </ClInclude>
    <ClInclude Include="..\..\..\Include\Platform\Platform.h">
      <Filter>Header Files\Platform</Filter>
    </ClInclude>
    <ClInclude Include="..\..\..\Include\Platform\PlatformConfig.h">
      <Filter>Header Files\Platform</Filter>
    </ClInclude>
    <ClInclude Include="..\..\..\Include\Platform\PlatformGlobal.h">
      <Filter>Header Files\Platform</Filter>
    </ClInclude>
    <ClInclude Include="..\..\..\Include\Platform\Precision.h">
      <Filter>Header Files\Platform</Filter>
    </ClInclude>
    <ClInclude Include="..\..\..\Include\Platform\Quaternion.h">
      <Filter>Header Files\Platform</Filter>
    </ClInclude>
    <ClInclude Include="..\..\..\Include\Platform\Random.h">
      <Filter>Header Files\Platform</Filter>
    </ClInclude>
    <ClInclude Include="..\..\..\Include\Platform\Ratio.h">
      <Filter>Header Files\Platform</Filter>
    </ClInclude>
    <ClInclude Include="..\..\..\Include\Platform\Ray.h">
      <Filter>Header Files\Platform</Filter>
    </ClInclude>
    <ClInclude Include="..\..\..\Include\Platform\Serializer.h">
      <Filter>Header Files\Platform</Filter>
    </ClInclude>
    <ClInclude Include="..\..\..\Include\Platform\Sphere.h">
      <Filter>Header Files\Platform</Filter>
    </ClInclude>
    <ClInclude Include="..\..\..\Include\Platform\StringFormatter.h">
      <Filter>Header Files\Platform</Filter>
    </ClInclude>
    <ClInclude Include="..\..\..\Include\Platform\SyncObject.h">
      <Filter>Header Files\Platform</Filter>
    </ClInclude>
    <ClInclude Include="..\..\..\Include\Platform\TempDir.h">
      <Filter>Header Files\Platform</Filter>
    </ClInclude>
    <ClInclude Include="..\..\..\Include\Platform\Thread.h">
      <Filter>Header Files\Platform</Filter>
    </ClInclude>
    <ClInclude Include="..\..\..\Include\Platform\Time.h">
      <Filter>Header Files\Platform</Filter>
    </ClInclude>
    <ClInclude Include="..\..\..\Include\Platform\Timer.h">
      <Filter>Header Files\Platform</Filter>
    </ClInclude>
    <ClInclude Include="..\..\..\Include\Platform\Transform2D.h">
      <Filter>Header Files\Platform</Filter>
    </ClInclude>
    <ClInclude Include="..\..\..\Include\Platform\Transform3D.h">
      <Filter>Header Files\Platform</Filter>
    </ClInclude>
    <ClInclude Include="..\..\..\Include\Platform\Triangle.h">
      <Filter>Header Files\Platform</Filter>
    </ClInclude>
    <ClInclude Include="..\..\..\Include\Platform\Triangle2D.h">
      <Filter>Header Files\Platform</Filter>
    </ClInclude>
    <ClInclude Include="..\..\..\Include\Platform\UID.h">
      <Filter>Header Files\Platform</Filter>
    </ClInclude>
    <ClInclude Include="..\..\..\Include\Platform\ValueEncoder.h">
      <Filter>Header Files\Platform</Filter>
    </ClInclude>
    <ClInclude Include="..\..\..\Include\Platform\Variable.h">
      <Filter>Header Files\Platform</Filter>
    </ClInclude>
    <ClInclude Include="..\..\..\Include\Platform\Vector2.h">
      <Filter>Header Files\Platform</Filter>
    </ClInclude>
    <ClInclude Include="..\..\..\Include\Platform\Vector3.h">
      <Filter>Header Files\Platform</Filter>
    </ClInclude>
    <ClInclude Include="..\..\..\Include\Platform\Vector4.h">
      <Filter>Header Files\Platform</Filter>
    </ClInclude>
    <ClInclude Include="..\..\..\Include\Platform\Version.h">
      <Filter>Header Files\Platform</Filter>
    </ClInclude>
    <ClInclude Include="..\..\..\Include\Platform\Viewport.h">
      <Filter>Header Files\Platform</Filter>
    </ClInclude>
    <ClInclude Include="..\..\..\Include\Platform\IPAddress.h">
      <Filter>Header Files\Platform</Filter>
    </ClInclude>
    <ClInclude Include="..\..\..\Include\Platform\Bounds.h">
      <Filter>Header Files\Platform</Filter>
    </ClInclude>
    <ClInclude Include="..\..\..\Include\Template\Triple.h">
      <Filter>Header Files\Template</Filter>
    </ClInclude>
    <ClInclude Include="..\..\..\Include\Template\Tree.h">
      <Filter>Header Files\Template</Filter>
    </ClInclude>
    <ClInclude Include="..\..\..\Include\Template\Algorithm.h">
      <Filter>Header Files\Template</Filter>
    </ClInclude>
    <ClInclude Include="..\..\..\Include\Template\Array.h">
      <Filter>Header Files\Template</Filter>
    </ClInclude>
    <ClInclude Include="..\..\..\Include\Template\BaseRef.h">
      <Filter>Header Files\Template</Filter>
    </ClInclude>
    <ClInclude Include="..\..\..\Include\Template\BinaryHeap.h">
      <Filter>Header Files\Template</Filter>
    </ClInclude>
    <ClInclude Include="..\..\..\Include\Template\BitArray.h">
      <Filter>Header Files\Template</Filter>
    </ClInclude>
    <ClInclude Include="..\..\..\Include\Template\CallbackFunc.h">
      <Filter>Header Files\Template</Filter>
    </ClInclude>
    <ClInclude Include="..\..\..\Include\Template\Compare.h">
      <Filter>Header Files\Template</Filter>
    </ClInclude>
    <ClInclude Include="..\..\..\Include\Template\ConcurrentQueue.h">
      <Filter>Header Files\Template</Filter>
    </ClInclude>
    <ClInclude Include="..\..\..\Include\Template\ConstString.h">
      <Filter>Header Files\Template</Filter>
    </ClInclude>
    <ClInclude Include="..\..\..\Include\Template\CountOf.h">
      <Filter>Header Files\Template</Filter>
    </ClInclude>
    <ClInclude Include="..\..\..\Include\Template\DataField.h">
      <Filter>Header Files\Template</Filter>
    </ClInclude>
    <ClInclude Include="..\..\..\Include\Template\DataOwner.h">
      <Filter>Header Files\Template</Filter>
    </ClInclude>
    <ClInclude Include="..\..\..\Include\Template\DependencyGraph.h">
      <Filter>Header Files\Template</Filter>
    </ClInclude>
    <ClInclude Include="..\..\..\Include\Template\Graph.h">
      <Filter>Header Files\Template</Filter>
    </ClInclude>
    <ClInclude Include="..\..\..\Include\Template\HashMap.h">
      <Filter>Header Files\Template</Filter>
    </ClInclude>
    <ClInclude Include="..\..\..\Include\Template\Link.h">
      <Filter>Header Files\Template</Filter>
    </ClInclude>
    <ClInclude Include="..\..\..\Include\Template\Map.h">
      <Filter>Header Files\Template</Filter>
    </ClInclude>
    <ClInclude Include="..\..\..\Include\Template\MutableString.h">
      <Filter>Header Files\Template</Filter>
    </ClInclude>
    <ClInclude Include="..\..\..\Include\Template\PagePool.h">
      <Filter>Header Files\Template</Filter>
    </ClInclude>
    <ClInclude Include="..\..\..\Include\Template\Pair.h">
      <Filter>Header Files\Template</Filter>
    </ClInclude>
    <ClInclude Include="..\..\..\Include\Template\Params.h">
      <Filter>Header Files\Template</Filter>
    </ClInclude>
    <ClInclude Include="..\..\..\Include\Template\PassRefPtr.h">
      <Filter>Header Files\Template</Filter>
    </ClInclude>
    <ClInclude Include="..\..\..\Include\Template\Point.h">
      <Filter>Header Files\Template</Filter>
    </ClInclude>
    <ClInclude Include="..\..\..\Include\Template\Progression.h">
      <Filter>Header Files\Template</Filter>
    </ClInclude>
    <ClInclude Include="..\..\..\Include\Template\Quadruple.h">
      <Filter>Header Files\Template</Filter>
    </ClInclude>
    <ClInclude Include="..\..\..\Include\Template\Queue.h">
      <Filter>Header Files\Template</Filter>
    </ClInclude>
    <ClInclude Include="..\..\..\Include\Template\Range.h">
      <Filter>Header Files\Template</Filter>
    </ClInclude>
    <ClInclude Include="..\..\..\Include\Template\RBTree.h">
      <Filter>Header Files\Template</Filter>
    </ClInclude>
    <ClInclude Include="..\..\..\Include\Template\Rect.h">
      <Filter>Header Files\Template</Filter>
    </ClInclude>
    <ClInclude Include="..\..\..\Include\Template\RefObject.h">
      <Filter>Header Files\Template</Filter>
    </ClInclude>
    <ClInclude Include="..\..\..\Include\Template\RefPtr.h">
      <Filter>Header Files\Template</Filter>
    </ClInclude>
    <ClInclude Include="..\..\..\Include\Template\SafeValue.h">
      <Filter>Header Files\Template</Filter>
    </ClInclude>
    <ClInclude Include="..\..\..\Include\Template\Stack.h">
      <Filter>Header Files\Template</Filter>
    </ClInclude>
    <ClInclude Include="..\..\..\Include\EGE_Always.h">
      <Filter>Header Files</Filter>
    </ClInclude>
    <ClInclude Include="..\..\..\Include\EGE_Compile.h">
      <Filter>Header Files</Filter>
    </ClInclude>
    <ClInclude Include="..\..\..\Include\EGE_Config.h">
      <Filter>Header Files</Filter>
    </ClInclude>
    <ClInclude Include="..\..\..\Include\EGE_Const.h">
      <Filter>Header Files</Filter>
    </ClInclude>
    <ClInclude Include="..\..\..\Include\EGE_Platform.h">
      <Filter>Header Files</Filter>
    </ClInclude>
    <ClInclude Include="..\..\..\Include\EGE_Template.h">
      <Filter>Header Files</Filter>
    </ClInclude>
    <ClInclude Include="..\..\..\Include\EGE_Typedef.h">
      <Filter>Header Files</Filter>
    </ClInclude>
    <ClInclude Include="..\..\..\Include\Platform\CallStackFrame.h">
      <Filter>Header Files\Platform</Filter>
    </ClInclude>
    <ClInclude Include="..\..\..\Include\Template\FixedArray.h">
      <Filter>Header Files\Template</Filter>
    </ClInclude>
    <ClInclude Include="..\..\..\Include\Template\BaseMemPtr.h">
      <Filter>Header Files\Template</Filter>
    </ClInclude>
    <ClInclude Include="..\..\..\Include\Template\MemPtr.h">
      <Filter>Header Files\Template</Filter>
    </ClInclude>
    <ClInclude Include="..\..\..\Include\Template\MemSegmentPtr.h">
      <Filter>Header Files\Template</Filter>
    </ClInclude>
    <ClInclude Include="..\..\..\Include\EGE_Struct.h">
      <Filter>Header Files</Filter>
    </ClInclude>
    <ClInclude Include="..\..\..\Include\Platform\Mathics.h">
      <Filter>Header Files\Platform</Filter>
    </ClInclude>
    <ClInclude Include="..\..\..\Include\Template\Line.h">
      <Filter>Header Files\Template</Filter>
    </ClInclude>
    <ClInclude Include="..\..\..\Include\Platform\ColliderBox2D.h">
      <Filter>Header Files\Platform</Filter>
    </ClInclude>
    <ClInclude Include="..\..\..\Source\Platform\OS\anyPlatform.h">
      <Filter>Source Files\OS\any</Filter>
    </ClInclude>
    <ClInclude Include="..\..\..\Source\Platform\OS\anyPlatformConverter.h">
      <Filter>Source Files\OS\any</Filter>
    </ClInclude>
    <ClInclude Include="..\..\..\Source\Platform\OS\anyPlatformCPU.h">
      <Filter>Source Files\OS\any</Filter>
    </ClInclude>
    <ClInclude Include="..\..\..\Source\Platform\OS\anyPlatformEndian.h">
      <Filter>Source Files\OS\any</Filter>
    </ClInclude>
    <ClInclude Include="..\..\..\Source\Platform\OS\anyPlatformLanguage.h">
      <Filter>Source Files\OS\any</Filter>
    </ClInclude>
    <ClInclude Include="..\..\..\Source\Platform\OS\anyPlatformMemory.h">
      <Filter>Source Files\OS\any</Filter>
    </ClInclude>
    <ClInclude Include="..\..\..\Source\Platform\OS\anyPlatformNetwork.h">
      <Filter>Source Files\OS\any</Filter>
    </ClInclude>
    <ClInclude Include="..\..\..\Source\Platform\OS\anyPlatformProcess.h">
      <Filter>Source Files\OS\any</Filter>
    </ClInclude>
    <ClInclude Include="..\..\..\Source\Platform\OS\anyPlatformString.h">
      <Filter>Source Files\OS\any</Filter>
    </ClInclude>
    <ClInclude Include="..\..\..\Source\Platform\OS\anyPlatformTime.h">
      <Filter>Source Files\OS\any</Filter>
    </ClInclude>
  </ItemGroup>
</Project>